
Microsoft Visual Studio Solution File, Format Version 12.00
# Visual Studio 15
Project("{FAE04EC0-301F-11D3-BF4B-00C04F79EFBC}") = "FFinDF", "FFinDF.csproj", "{D46905A1-B9C3-34E6-D8BA-9BB392314813}"
EndProject
Project("{FAE04EC0-301F-11D3-BF4B-00C04F79EFBC}") = "FFinDF.Editor", "FFinDF.Editor.csproj", "{D7EAC34E-359D-0693-0A48-C83AABCDBC7D}"
EndProject
Global
	GlobalSection(SolutionConfigurationPlatforms) = preSolution
		Debug|Any CPU = Debug|Any CPU
		Release|Any CPU = Release|Any CPU
	EndGlobalSection
	GlobalSection(ProjectConfigurationPlatforms) = postSolution
		{D46905A1-B9C3-34E6-D8BA-9BB392314813}.Debug|Any CPU.ActiveCfg = Debug|Any CPU
		{D46905A1-B9C3-34E6-D8BA-9BB392314813}.Debug|Any CPU.Build.0 = Debug|Any CPU
		{D46905A1-B9C3-34E6-D8BA-9BB392314813}.Release|Any CPU.ActiveCfg = Release|Any CPU
		{D46905A1-B9C3-34E6-D8BA-9BB392314813}.Release|Any CPU.Build.0 = Release|Any CPU
		{D7EAC34E-359D-0693-0A48-C83AABCDBC7D}.Debug|Any CPU.ActiveCfg = Debug|Any CPU
		{D7EAC34E-359D-0693-0A48-C83AABCDBC7D}.Debug|Any CPU.Build.0 = Debug|Any CPU
		{D7EAC34E-359D-0693-0A48-C83AABCDBC7D}.Release|Any CPU.ActiveCfg = Release|Any CPU
		{D7EAC34E-359D-0693-0A48-C83AABCDBC7D}.Release|Any CPU.Build.0 = Release|Any CPU
	EndGlobalSection
	GlobalSection(SolutionProperties) = preSolution
		HideSolutionNode = FALSE
	EndGlobalSection
EndGlobal
